
Microsoft Visual Studio Solution File, Format Version 12.00
# Visual Studio Version 17
VisualStudioVersion = 17.10.35201.131
MinimumVisualStudioVersion = 10.0.40219.1
Project("{FAE04EC0-301F-11D3-BF4B-00C04F79EFBC}") = "WebSocket-Client", "WebSocket-Client\WebSocket-Client.csproj", "{55520AFC-E792-416A-AC9C-CDCFDE933891}"
EndProject
Global
	GlobalSection(SolutionConfigurationPlatforms) = preSolution
		Debug|Any CPU = Debug|Any CPU
		Release|Any CPU = Release|Any CPU
	EndGlobalSection
	GlobalSection(ProjectConfigurationPlatforms) = postSolution
		{55520AFC-E792-416A-AC9C-CDCFDE933891}.Debug|Any CPU.ActiveCfg = Debug|Any CPU
		{55520AFC-E792-416A-AC9C-CDCFDE933891}.Debug|Any CPU.Build.0 = Debug|Any CPU
		{55520AFC-E792-416A-AC9C-CDCFDE933891}.Release|Any CPU.ActiveCfg = Release|Any CPU
		{55520AFC-E792-416A-AC9C-CDCFDE933891}.Release|Any CPU.Build.0 = Release|Any CPU
	EndGlobalSection
	GlobalSection(SolutionProperties) = preSolution
		HideSolutionNode = FALSE
	EndGlobalSection
	GlobalSection(ExtensibilityGlobals) = postSolution
		SolutionGuid = {F034BC61-BA01-4262-9242-1ABE8ABF57CF}
	EndGlobalSection
EndGlobal
